// !$*UTF8*$!
{
	archiveVersion = 1;
	classes = {
	};
	objectVersion = 48;
	objects = {

/* Begin PBXBuildFile section */
		FE3226F62039DF9B00035957 /* AppDelegate.swift in Sources */ = {isa = PBXBuildFile; fileRef = FE3226F52039DF9B00035957 /* AppDelegate.swift */; };
		FE3226F82039DF9B00035957 /* ViewController.swift in Sources */ = {isa = PBXBuildFile; fileRef = FE3226F72039DF9B00035957 /* ViewController.swift */; };
		FE3226FD2039DF9B00035957 /* Assets.xcassets in Resources */ = {isa = PBXBuildFile; fileRef = FE3226FC2039DF9B00035957 /* Assets.xcassets */; };
		FE3227002039DF9B00035957 /* LaunchScreen.storyboard in Resources */ = {isa = PBXBuildFile; fileRef = FE3226FE2039DF9B00035957 /* LaunchScreen.storyboard */; };
		FE973D6E2057465500B3BEA4 /* Main.storyboard in Resources */ = {isa = PBXBuildFile; fileRef = FE3226F92039DF9B00035957 /* Main.storyboard */; };
/* End PBXBuildFile section */

/* Begin PBXFileReference section */
		FE3226F22039DF9B00035957 /* oekaki_sea.app */ = {isa = PBXFileReference; explicitFileType = wrapper.application; includeInIndex = 0; path = oekaki_sea.app; sourceTree = BUILT_PRODUCTS_DIR; };
		FE3226F52039DF9B00035957 /* AppDelegate.swift */ = {isa = PBXFileReference; lastKnownFileType = sourcecode.swift; path = AppDelegate.swift; sourceTree = "<group>"; };
		FE3226F72039DF9B00035957 /* ViewController.swift */ = {isa = PBXFileReference; lastKnownFileType = sourcecode.swift; path = ViewController.swift; sourceTree = "<group>"; };
		FE3226FA2039DF9B00035957 /* Base */ = {isa = PBXFileReference; lastKnownFileType = file.storyboard; name = Base; path = Base.lproj/Main.storyboard; sourceTree = "<group>"; };
		FE3226FC2039DF9B00035957 /* Assets.xcassets */ = {isa = PBXFileReference; lastKnownFileType = folder.assetcatalog; path = Assets.xcassets; sourceTree = "<group>"; };
		FE3226FF2039DF9B00035957 /* Base */ = {isa = PBXFileReference; lastKnownFileType = file.storyboard; name = Base; path = Base.lproj/LaunchScreen.storyboard; sourceTree = "<group>"; };
		FE3227012039DF9B00035957 /* Info.plist */ = {isa = PBXFileReference; lastKnownFileType = text.plist.xml; path = Info.plist; sourceTree = "<group>"; };
/* End PBXFileReference section */

/* Begin PBXFrameworksBuildPhase section */
		FE3226EF2039DF9A00035957 /* Frameworks */ = {
			isa = PBXFrameworksBuildPhase;
			buildActionMask = 2147483647;
			files = (
			);
			runOnlyForDeploymentPostprocessing = 0;
		};
/* End PBXFrameworksBuildPhase section */

/* Begin PBXGroup section */
		FE3226E92039DF9A00035957 = {
			isa = PBXGroup;
			children = (
				FE3226F42039DF9B00035957 /* oekaki_sea */,
				FE3226F32039DF9B00035957 /* Products */,
			);
			sourceTree = "<group>";
		};
		FE3226F32039DF9B00035957 /* Products */ = {
			isa = PBXGroup;
			children = (
				FE3226F22039DF9B00035957 /* oekaki_sea.app */,
			);
			name = Products;
			sourceTree = "<group>";
		};
		FE3226F42039DF9B00035957 /* oekaki_sea */ = {
			isa = PBXGroup;
			children = (
				FE3226F52039DF9B00035957 /* AppDelegate.swift */,
				FE3226F72039DF9B00035957 /* ViewController.swift */,
				FE3226F92039DF9B00035957 /* Main.storyboard */,
				FE3226FC2039DF9B00035957 /* Assets.xcassets */,
				FE3226FE2039DF9B00035957 /* LaunchScreen.storyboard */,
				FE3227012039DF9B00035957 /* Info.plist */,
			);
			path = oekaki_sea;
			sourceTree = "<group>";
		};
/* End PBXGroup section */

/* Begin PBXNativeTarget section */
		FE3226F12039DF9A00035957 /* oekaki_sea */ = {
			isa = PBXNativeTarget;
			buildConfigurationList = FE3227042039DF9B00035957 /* Build configuration list for PBXNativeTarget "oekaki_sea" */;
			buildPhases = (
				FE3226EE2039DF9A00035957 /* Sources */,
				FE3226EF2039DF9A00035957 /* Frameworks */,
				FE3226F02039DF9A00035957 /* Resources */,
			);
			buildRules = (
			);
			dependencies = (
			);
			name = oekaki_sea;
			productName = oekaki_sea;
			productReference = FE3226F22039DF9B00035957 /* oekaki_sea.app */;
			productType = "com.apple.product-type.application";
		};
/* End PBXNativeTarget section */

/* Begin PBXProject section */
		FE3226EA2039DF9A00035957 /* Project object */ = {
			isa = PBXProject;
			attributes = {
				LastSwiftUpdateCheck = 0920;
				LastUpgradeCheck = 0920;
				ORGANIZATIONNAME = "kaoru Morito";
				TargetAttributes = {
					FE3226F12039DF9A00035957 = {
						CreatedOnToolsVersion = 9.2;
						ProvisioningStyle = Automatic;
					};
				};
			};
			buildConfigurationList = FE3226ED2039DF9A00035957 /* Build configuration list for PBXProject "oekaki_sea" */;
			compatibilityVersion = "Xcode 8.0";
			developmentRegion = en;
			hasScannedForEncodings = 0;
			knownRegions = (
				en,
				Base,
			);
			mainGroup = FE3226E92039DF9A00035957;
			productRefGroup = FE3226F32039DF9B00035957 /* Products */;
			projectDirPath = "";
			projectRoot = "";
			targets = (
				FE3226F12039DF9A00035957 /* oekaki_sea */,
			);
		};
/* End PBXProject section */

/* Begin PBXResourcesBuildPhase section */
		FE3226F02039DF9A00035957 /* Resources */ = {
			isa = PBXResourcesBuildPhase;
			buildActionMask = 2147483647;
			files = (
				FE973D6E2057465500B3BEA4 /* Main.storyboard in Resources */,
				FE3227002039DF9B00035957 /* LaunchScreen.storyboard in Resources */,
				FE3226FD2039DF9B00035957 /* Assets.xcassets in Resources */,
			);
			runOnlyForDeploymentPostprocessing = 0;
		};
/* End PBXResourcesBuildPhase section */

/* Begin PBXSourcesBuildPhase section */
		FE3226EE2039DF9A00035957 /* Sources */ = {
			isa = PBXSourcesBuildPhase;
			buildActionMask = 2147483647;
			files = (
				FE3226F82039DF9B00035957 /* ViewController.swift in Sources */,
				FE3226F62039DF9B00035957 /* AppDelegate.swift in Sources */,
			);
			runOnlyForDeploymentPostprocessing = 0;
		};
/* End PBXSourcesBuildPhase section */

/* Begin PBXVariantGroup section */
		FE3226F92039DF9B00035957 /* Main.storyboard */ = {
			isa = PBXVariantGroup;
			children = (
				FE3226FA2039DF9B00035957 /* Base */,
			);
			name = Main.storyboard;
			sourceTree = "<group>";
		};
		FE3226FE2039DF9B00035957 /* LaunchScreen.storyboard */ = {
			isa = PBXVariantGroup;
			children = (
				FE3226FF2039DF9B00035957 /* Base */,
			);
			name = LaunchScreen.storyboard;
			sourceTree = "<group>";
		};
/* End PBXVariantGroup section */

/* Begin XCBuildConfiguration section */
		FE3227022039DF9B00035957 /* Debug */ = {
			isa = XCBuildConfiguration;
			buildSettings = {
				ALWAYS_SEARCH_USER_PATHS = NO;
				CLANG_ANALYZER_NONNULL = YES;
				CLANG_ANALYZER_NUMBER_OBJECT_CONVERSION = YES_AGGRESSIVE;
				CLANG_CXX_LANGUAGE_STANDARD = "gnu++14";
				CLANG_CXX_LIBRARY = "libc++";
				CLANG_ENABLE_MODULES = YES;
				CLANG_ENABLE_OBJC_ARC = YES;
				CLANG_WARN_BLOCK_CAPTURE_AUTORELEASING = YES;
				CLANG_WARN_BOOL_CONVERSION = YES;
				CLANG_WARN_COMMA = YES;
				CLANG_WARN_CONSTANT_CONVERSION = YES;
				CLANG_WARN_DIRECT_OBJC_ISA_USAGE = YES_ERROR;
				CLANG_WARN_DOCUMENTATION_COMMENTS = YES;
				CLANG_WARN_EMPTY_BODY = YES;
				CLANG_WARN_ENUM_CONVERSION = YES;
				CLANG_WARN_INFINITE_RECURSION = YES;
				CLANG_WARN_INT_CONVERSION = YES;
				CLANG_WARN_NON_LITERAL_NULL_CONVERSION = YES;
				CLANG_WARN_OBJC_LITERAL_CONVERSION = YES;
				CLANG_WARN_OBJC_ROOT_CLASS = YES_ERROR;
				CLANG_WARN_RANGE_LOOP_ANALYSIS = YES;
				CLANG_WARN_STRICT_PROTOTYPES = YES;
				CLANG_WARN_SUSPICIOUS_MOVE = YES;
				CLANG_WARN_UNGUARDED_AVAILABILITY = YES_AGGRESSIVE;
				CLANG_WARN_UNREACHABLE_CODE = YES;
				CLANG_WARN__DUPLICATE_METHOD_MATCH = YES;
				CODE_SIGN_IDENTITY = "iPhone Developer";
				COPY_PHASE_STRIP = NO;
				DEBUG_INFORMATION_FORMAT = dwarf;
				ENABLE_STRICT_OBJC_MSGSEND = YES;
				ENABLE_TESTABILITY = YES;
				GCC_C_LANGUAGE_STANDARD = gnu11;
				GCC_DYNAMIC_NO_PIC = NO;
				GCC_NO_COMMON_BLOCKS = YES;
				GCC_OPTIMIZATION_LEVEL = 0;
				GCC_PREPROCESSOR_DEFINITIONS = (
					"DEBUG=1",
					"$(inherited)",
				);
				GCC_WARN_64_TO_32_BIT_CONVERSION = YES;
				GCC_WARN_ABOUT_RETURN_TYPE = YES_ERROR;
				GCC_WARN_UNDECLARED_SELECTOR = YES;
				GCC_WARN_UNINITIALIZED_AUTOS = YES_AGGRESSIVE;
				GCC_WARN_UNUSED_FUNCTION = YES;
				GCC_WARN_UNUSED_VARIABLE = YES;
				IPHONEOS_DEPLOYMENT_TARGET = 11.2;
				MTL_ENABLE_DEBUG_INFO = YES;
				ONLY_ACTIVE_ARCH = YES;
				SDKROOT = iphoneos;
				SWIFT_ACTIVE_COMPILATION_CONDITIONS = DEBUG;
				SWIFT_OPTIMIZATION_LEVEL = "-Onone";
			};
			name = Debug;
		};
		FE3227032039DF9B00035957 /* Release */ = {
			isa = XCBuildConfiguration;
			buildSettings = {
				ALWAYS_SEARCH_USER_PATHS = NO;
				CLANG_ANALYZER_NONNULL = YES;
				CLANG_ANALYZER_NUMBER_OBJECT_CONVERSION = YES_AGGRESSIVE;
				CLANG_CXX_LANGUAGE_STANDARD = "gnu++14";
				CLANG_CXX_LIBRARY = "libc++";
				CLANG_ENABLE_MODULES = YES;
				CLANG_ENABLE_OBJC_ARC = YES;
				CLANG_WARN_BLOCK_CAPTURE_AUTORELEASING = YES;
				CLANG_WARN_BOOL_CONVERSION = YES;
				CLANG_WARN_COMMA = YES;
				CLANG_WARN_CONSTANT_CONVERSION = YES;
				CLANG_WARN_DIRECT_OBJC_ISA_USAGE = YES_ERROR;
				CLANG_WARN_DOCUMENTATION_COMMENTS = YES;
				CLANG_WARN_EMPTY_BODY = YES;
				CLANG_WARN_ENUM_CONVERSION = YES;
				CLANG_WARN_INFINITE_RECURSION = YES;
				CLANG_WARN_INT_CONVERSION = YES;
				CLANG_WARN_NON_LITERAL_NULL_CONVERSION = YES;
				CLANG_WARN_OBJC_LITERAL_CONVERSION = YES;
				CLANG_WARN_OBJC_ROOT_CLASS = YES_ERROR;
				CLANG_WARN_RANGE_LOOP_ANALYSIS = YES;
				CLANG_WARN_STRICT_PROTOTYPES = YES;
				CLANG_WARN_SUSPICIOUS_MOVE = YES;
				CLANG_WARN_UNGUARDED_AVAILABILITY = YES_AGGRESSIVE;
				CLANG_WARN_UNREACHABLE_CODE = YES;
				CLANG_WARN__DUPLICATE_METHOD_MATCH = YES;
				CODE_SIGN_IDENTITY = "iPhone Developer";
				COPY_PHASE_STRIP = NO;
				DEBUG_INFORMATION_FORMAT = "dwarf-with-dsym";
				ENABLE_NS_ASSERTIONS = NO;
				ENABLE_STRICT_OBJC_MSGSEND = YES;
				GCC_C_LANGUAGE_STANDARD = gnu11;
				GCC_NO_COMMON_BLOCKS = YES;
				GCC_WARN_64_TO_32_BIT_CONVERSION = YES;
				GCC_WARN_ABOUT_RETURN_TYPE = YES_ERROR;
				GCC_WARN_UNDECLARED_SELECTOR = YES;
				GCC_WARN_UNINITIALIZED_AUTOS = YES_AGGRESSIVE;
				GCC_WARN_UNUSED_FUNCTION = YES;
				GCC_WARN_UNUSED_VARIABLE = YES;
				IPHONEOS_DEPLOYMENT_TARGET = 11.2;
				MTL_ENABLE_DEBUG_INFO = NO;
				SDKROOT = iphoneos;
				SWIFT_OPTIMIZATION_LEVEL = "-Owholemodule";
				VALIDATE_PRODUCT = YES;
			};
			name = Release;
		};
		FE3227052039DF9B00035957 /* Debug */ = {
			isa = XCBuildConfiguration;
			buildSettings = {
				ASSETCATALOG_COMPILER_APPICON_NAME = AppIcon;
				CODE_SIGN_STYLE = Automatic;
				DEVELOPMENT_TEAM = L3CNMSJ7EN;
				INFOPLIST_FILE = oekaki_sea/Info.plist;
				LD_RUNPATH_SEARCH_PATHS = "$(inherited) @executable_path/Frameworks";
				PRODUCT_BUNDLE_IDENTIFIER = "com.oekaki-sea";
				PRODUCT_NAME = "$(TARGET_NAME)";
				SWIFT_VERSION = 4.0;
				TARGETED_DEVICE_FAMILY = "1,2";
			};
			name = Debug;
		};
		FE3227062039DF9B00035957 /* Release */ = {
			isa = XCBuildConfiguration;
			buildSettings = {
				ASSETCATALOG_COMPILER_APPICON_NAME = AppIcon;
				CODE_SIGN_STYLE = Automatic;
				DEVELOPMENT_TEAM = L3CNMSJ7EN;
				INFOPLIST_FILE = oekaki_sea/Info.plist;
				LD_RUNPATH_SEARCH_PATHS = "$(inherited) @executable_path/Frameworks";
				PRODUCT_BUNDLE_IDENTIFIER = "com.oekaki-sea";
				PRODUCT_NAME = "$(TARGET_NAME)";
				SWIFT_VERSION = 4.0;
				TARGETED_DEVICE_FAMILY = "1,2";
			};
			name = Release;
		};
/* End XCBuildConfiguration section */

/* Begin XCConfigurationList section */
		FE3226ED2039DF9A00035957 /* Build configuration list for PBXProject "oekaki_sea" */ = {
			isa = XCConfigurationList;
			buildConfigurations = (
				FE3227022039DF9B00035957 /* Debug */,
				FE3227032039DF9B00035957 /* Release */,
			);
			defaultConfigurationIsVisible = 0;
			defaultConfigurationName = Release;
		};
		FE3227042039DF9B00035957 /* Build configuration list for PBXNativeTarget "oekaki_sea" */ = {
			isa = XCConfigurationList;
			buildConfigurations = (
				FE3227052039DF9B00035957 /* Debug */,
				FE3227062039DF9B00035957 /* Release */,
			);
			defaultConfigurationIsVisible = 0;
			defaultConfigurationName = Release;
		};
/* End XCConfigurationList section */
	};
	rootObject = FE3226EA2039DF9A00035957 /* Project object */;
}
